{
  "name": "@fvqzmp1h/breeze-js",
  "version": "0.1.6",
  "lockfileVersion": 3,
  "requires": true,
  "packages": {
    "": {
      "name": "@fvqzmp1h/breeze-js",
      "version": "0.1.6",
      "license": "MIT",
      "dependencies": {
        "@std/assert": "npm:@jsr/std__assert@^1.0.13",
        "@std/testing": "npm:@jsr/std__testing@^1.0.13",
        "@types/deno": "^2.3.0"
      }
    },
    "node_modules/.deno/@types+deno@2.3.0/node_modules/@types/deno": {
      "version": "2.3.0",
      "license": "MIT"
    },
    "node_modules/@jsr/std__assert": {
      "version": "1.0.13",
      "resolved": "https://npm.jsr.io/~/11/@jsr/std__assert/1.0.13.tgz",
      "integrity": "sha512-rZ44REoi2/p+gqu8OfkcNeaTOSiG1kD6v8gyA0YjkXsOkDsiGw9g8h7JuGC/OD7GgOVgTEY+9Cih49Y18rkrCQ==",
      "dependencies": {
        "@jsr/std__internal": "^1.0.6"
      }
    },
    "node_modules/@jsr/std__async": {
      "version": "1.0.13",
      "resolved": "https://npm.jsr.io/~/11/@jsr/std__async/1.0.13.tgz",
      "integrity": "sha512-GEApyNtzauJ0kEZ/GxebSkdEN0t29qJtkw+WEvzYTwkL6fHX8cq3YWzRjCqHu+4jMl+rpHiwyr/lfitNInntzA=="
    },
    "node_modules/@jsr/std__data-structures": {
      "version": "1.0.8",
      "resolved": "https://npm.jsr.io/~/11/@jsr/std__data-structures/1.0.8.tgz",
      "integrity": "sha512-7BHBUlBEJ/9w2zv9sNmyuQOINBTEP1erxLHMpIDBa7GMCV1Nxm6LvgC4R5cgN90FFKpoCFa9PPB66Hkeem9Q2g=="
    },
    "node_modules/@jsr/std__fs": {
      "version": "1.0.17",
      "resolved": "https://npm.jsr.io/~/11/@jsr/std__fs/1.0.17.tgz",
      "integrity": "sha512-z6MmQd5iz+7sfEpbnnjmRm0I4qtTHGStQ9cUDzXI8aBRe9PP5dL6jyRQCuRIsvGUvYZPfi8SOauFpsYv8aSuOw==",
      "dependencies": {
        "@jsr/std__path": "^1.0.9"
      }
    },
    "node_modules/@jsr/std__internal": {
      "version": "1.0.8",
      "resolved": "https://npm.jsr.io/~/11/@jsr/std__internal/1.0.8.tgz",
      "integrity": "sha512-C0HSkIOA4gZPhLT2YXBXYF51YTpWXWHYUgzs3PhRCVbeVpbJ3Iomghu/ylIG+SsIDGDwxUkSCvfOOveRNS/mKg=="
    },
    "node_modules/@jsr/std__path": {
      "version": "1.1.0",
      "resolved": "https://npm.jsr.io/~/11/@jsr/std__path/1.1.0.tgz",
      "integrity": "sha512-rnxGg/nJGfDbJO+xIJ9YEzLD7dCzjr3NHShf4dbnlt44WEYNwMjg+TcDO6F2NPHBnn/6iUFwbnNzysrZvyD1Og=="
    },
    "node_modules/@std/assert": {
      "name": "@jsr/std__assert",
      "version": "1.0.13",
      "resolved": "https://npm.jsr.io/~/11/@jsr/std__assert/1.0.13.tgz",
      "integrity": "sha512-rZ44REoi2/p+gqu8OfkcNeaTOSiG1kD6v8gyA0YjkXsOkDsiGw9g8h7JuGC/OD7GgOVgTEY+9Cih49Y18rkrCQ==",
      "dependencies": {
        "@jsr/std__internal": "^1.0.6"
      }
    },
    "node_modules/@std/testing": {
      "name": "@jsr/std__testing",
      "version": "1.0.13",
      "resolved": "https://npm.jsr.io/~/11/@jsr/std__testing/1.0.13.tgz",
      "integrity": "sha512-AwV06g3qNbCHLkNFmNkWyGtUKu04tASAzszA1L+VTEZEORR/qtZZVbCdwloeIXDevEjNfeEMFMdHGBurz9q06Q==",
      "dependencies": {
        "@jsr/std__assert": "^1.0.13",
        "@jsr/std__async": "^1.0.13",
        "@jsr/std__data-structures": "^1.0.8",
        "@jsr/std__fs": "^1.0.17",
        "@jsr/std__internal": "^1.0.8",
        "@jsr/std__path": "^1.1.0"
      }
    },
    "node_modules/@types/deno": {
      "resolved": "node_modules/.deno/@types+deno@2.3.0/node_modules/@types/deno",
      "link": true
    }
  }
}
